
Microsoft Visual Studio Solution File, Format Version 12.00
# Visual Studio 15
Project("{FAE04EC0-301F-11D3-BF4B-00C04F79EFBC}") = "KanyeWest", "KanyeWest\KanyeWest.csproj", "{4D8EDA2C-E289-4924-BA56-E0E87363AC4E}"
EndProject
Global
	GlobalSection(SolutionConfigurationPlatforms) = preSolution
		Debug|Any CPU = Debug|Any CPU
		Release|Any CPU = Release|Any CPU
	EndGlobalSection
	GlobalSection(ProjectConfigurationPlatforms) = postSolution
		{4D8EDA2C-E289-4924-BA56-E0E87363AC4E}.Debug|Any CPU.ActiveCfg = Debug|Any CPU
		{4D8EDA2C-E289-4924-BA56-E0E87363AC4E}.Debug|Any CPU.Build.0 = Debug|Any CPU
		{4D8EDA2C-E289-4924-BA56-E0E87363AC4E}.Release|Any CPU.ActiveCfg = Release|Any CPU
		{4D8EDA2C-E289-4924-BA56-E0E87363AC4E}.Release|Any CPU.Build.0 = Release|Any CPU
	EndGlobalSection
EndGlobal
